
Microsoft Visual Studio Solution File, Format Version 12.00
# Visual Studio 15
VisualStudioVersion = 15.0.27004.2006
MinimumVisualStudioVersion = 10.0.40219.1
Project("{F184B08F-C81C-45F6-A57F-5ABD9991F28F}") = "ExamTime", "ExamTime\ExamTime.vbproj", "{D260D6D8-20C0-4805-8169-599417D42071}"
EndProject
Global
	GlobalSection(SolutionConfigurationPlatforms) = preSolution
		Debug|Any CPU = Debug|Any CPU
		Release|Any CPU = Release|Any CPU
	EndGlobalSection
	GlobalSection(ProjectConfigurationPlatforms) = postSolution
		{D260D6D8-20C0-4805-8169-599417D42071}.Debug|Any CPU.ActiveCfg = Debug|Any CPU
		{D260D6D8-20C0-4805-8169-599417D42071}.Debug|Any CPU.Build.0 = Debug|Any CPU
		{D260D6D8-20C0-4805-8169-599417D42071}.Release|Any CPU.ActiveCfg = Release|Any CPU
		{D260D6D8-20C0-4805-8169-599417D42071}.Release|Any CPU.Build.0 = Release|Any CPU
	EndGlobalSection
	GlobalSection(SolutionProperties) = preSolution
		HideSolutionNode = FALSE
	EndGlobalSection
	GlobalSection(ExtensibilityGlobals) = postSolution
		SolutionGuid = {6FDBE9C7-2D0B-4266-A35E-B03117E2C599}
	EndGlobalSection
EndGlobal
